
Microsoft Visual Studio Solution File, Format Version 12.00
# Visual Studio Version 17
VisualStudioVersion = 17.3.32922.545
MinimumVisualStudioVersion = 10.0.40219.1
Project("{FAE04EC0-301F-11D3-BF4B-00C04F79EFBC}") = "IpadVerwaltung", "IpadVerwaltung\IpadVerwaltung.csproj", "{5EBB4755-B95C-481E-B44E-C13348C55EB4}"
EndProject
Global
	GlobalSection(SolutionConfigurationPlatforms) = preSolution
		Debug|Any CPU = Debug|Any CPU
		Release|Any CPU = Release|Any CPU
	EndGlobalSection
	GlobalSection(ProjectConfigurationPlatforms) = postSolution
		{5EBB4755-B95C-481E-B44E-C13348C55EB4}.Debug|Any CPU.ActiveCfg = Debug|Any CPU
		{5EBB4755-B95C-481E-B44E-C13348C55EB4}.Debug|Any CPU.Build.0 = Debug|Any CPU
		{5EBB4755-B95C-481E-B44E-C13348C55EB4}.Release|Any CPU.ActiveCfg = Release|Any CPU
		{5EBB4755-B95C-481E-B44E-C13348C55EB4}.Release|Any CPU.Build.0 = Release|Any CPU
	EndGlobalSection
	GlobalSection(SolutionProperties) = preSolution
		HideSolutionNode = FALSE
	EndGlobalSection
	GlobalSection(ExtensibilityGlobals) = postSolution
		SolutionGuid = {332F2C13-E423-4750-9C50-9EDAD97387F5}
	EndGlobalSection
EndGlobal
